
Microsoft Visual Studio Solution File, Format Version 12.00
# Visual Studio Version 16
VisualStudioVersion = 16.0.31025.194
MinimumVisualStudioVersion = 10.0.40219.1
Project("{FAE04EC0-301F-11D3-BF4B-00C04F79EFBC}") = "Entidades", "Entidades\Entidades.csproj", "{846F0520-FBEA-45FD-B2EF-94045A680763}"
EndProject
Project("{FAE04EC0-301F-11D3-BF4B-00C04F79EFBC}") = "MiCalculadora", "MiCalculadora\MiCalculadora.csproj", "{1F16F65E-5F52-4658-9787-496E59DB9EF6}"
	ProjectSection(ProjectDependencies) = postProject
		{846F0520-FBEA-45FD-B2EF-94045A680763} = {846F0520-FBEA-45FD-B2EF-94045A680763}
	EndProjectSection
EndProject
Global
	GlobalSection(SolutionConfigurationPlatforms) = preSolution
		Debug|Any CPU = Debug|Any CPU
		Release|Any CPU = Release|Any CPU
	EndGlobalSection
	GlobalSection(ProjectConfigurationPlatforms) = postSolution
		{846F0520-FBEA-45FD-B2EF-94045A680763}.Debug|Any CPU.ActiveCfg = Debug|Any CPU
		{846F0520-FBEA-45FD-B2EF-94045A680763}.Debug|Any CPU.Build.0 = Debug|Any CPU
		{846F0520-FBEA-45FD-B2EF-94045A680763}.Release|Any CPU.ActiveCfg = Release|Any CPU
		{846F0520-FBEA-45FD-B2EF-94045A680763}.Release|Any CPU.Build.0 = Release|Any CPU
		{1F16F65E-5F52-4658-9787-496E59DB9EF6}.Debug|Any CPU.ActiveCfg = Debug|Any CPU
		{1F16F65E-5F52-4658-9787-496E59DB9EF6}.Debug|Any CPU.Build.0 = Debug|Any CPU
		{1F16F65E-5F52-4658-9787-496E59DB9EF6}.Release|Any CPU.ActiveCfg = Release|Any CPU
		{1F16F65E-5F52-4658-9787-496E59DB9EF6}.Release|Any CPU.Build.0 = Release|Any CPU
	EndGlobalSection
	GlobalSection(SolutionProperties) = preSolution
		HideSolutionNode = FALSE
	EndGlobalSection
	GlobalSection(ExtensibilityGlobals) = postSolution
		SolutionGuid = {09A2BAFA-7518-458A-869C-7E58D39B9813}
	EndGlobalSection
EndGlobal
