
Microsoft Visual Studio Solution File, Format Version 12.00
# Visual Studio Version 16
VisualStudioVersion = 16.0.31025.194
MinimumVisualStudioVersion = 10.0.40219.1
Project("{FAE04EC0-301F-11D3-BF4B-00C04F79EFBC}") = "TP1", "TP1\TP1.csproj", "{B8D3DF74-43D1-454A-A893-8CFF4D839162}"
EndProject
Global
	GlobalSection(SolutionConfigurationPlatforms) = preSolution
		Debug|Any CPU = Debug|Any CPU
		Release|Any CPU = Release|Any CPU
	EndGlobalSection
	GlobalSection(ProjectConfigurationPlatforms) = postSolution
		{B8D3DF74-43D1-454A-A893-8CFF4D839162}.Debug|Any CPU.ActiveCfg = Debug|Any CPU
		{B8D3DF74-43D1-454A-A893-8CFF4D839162}.Debug|Any CPU.Build.0 = Debug|Any CPU
		{B8D3DF74-43D1-454A-A893-8CFF4D839162}.Release|Any CPU.ActiveCfg = Release|Any CPU
		{B8D3DF74-43D1-454A-A893-8CFF4D839162}.Release|Any CPU.Build.0 = Release|Any CPU
	EndGlobalSection
	GlobalSection(SolutionProperties) = preSolution
		HideSolutionNode = FALSE
	EndGlobalSection
	GlobalSection(ExtensibilityGlobals) = postSolution
		SolutionGuid = {001061D2-1493-46CB-B9B3-EEE7B27EF427}
	EndGlobalSection
EndGlobal
